
Microsoft Visual Studio Solution File, Format Version 12.00
# Visual Studio Version 17
VisualStudioVersion = 17.7.34221.43
MinimumVisualStudioVersion = 10.0.40219.1
Project("{8BC9CEB8-8B4A-11D0-8D11-00A0C91BC942}") = "util", "util\util.vcxproj", "{CD43EC92-557D-4E48-A31C-DA3D6499A72A}"
	ProjectSection(ProjectDependencies) = postProject
		{745DEC58-EBB3-47A9-A9B8-4C6627C01BF8} = {745DEC58-EBB3-47A9-A9B8-4C6627C01BF8}
	EndProjectSection
EndProject
Project("{2150E333-8FDC-42A3-9474-1A3956D46DE8}") = "soul", "soul", "{170331D2-04C9-4AA0-A8A1-13C15BE0D566}"
EndProject
Project("{8BC9CEB8-8B4A-11D0-8D11-00A0C91BC942}") = "ast", "soul\ast\ast.vcxproj", "{E50D22D4-FA0C-44D3-84FF-C00ACA971142}"
EndProject
Project("{8BC9CEB8-8B4A-11D0-8D11-00A0C91BC942}") = "common", "soul\common\common.vcxproj", "{DFC10279-B1D9-4E8A-B991-2DFDC1641C09}"
EndProject
Project("{8BC9CEB8-8B4A-11D0-8D11-00A0C91BC942}") = "lexer", "soul\lexer\lexer.vcxproj", "{BEC84B9E-DB0D-4F3B-AACB-7D6EF4536084}"
EndProject
Project("{8BC9CEB8-8B4A-11D0-8D11-00A0C91BC942}") = "parser", "soul\parser\parser.vcxproj", "{A3421069-99F5-4AF3-A738-6E8929E8FE6E}"
EndProject
Project("{2150E333-8FDC-42A3-9474-1A3956D46DE8}") = "xml", "xml", "{3631B19F-69A8-4073-9512-894A320035C4}"
EndProject
Project("{8BC9CEB8-8B4A-11D0-8D11-00A0C91BC942}") = "dom", "soul\xml\dom\dom.vcxproj", "{91106F40-A36E-4469-AAB5-F0B84C5ABB2A}"
EndProject
Project("{8BC9CEB8-8B4A-11D0-8D11-00A0C91BC942}") = "processor", "soul\xml\processor\processor.vcxproj", "{D096ED0E-BBB7-4E82-97C2-62018B8E8CC2}"
EndProject
Project("{8BC9CEB8-8B4A-11D0-8D11-00A0C91BC942}") = "xml_parser", "soul\xml\xml_parser\xml_parser.vcxproj", "{266A3D47-5AE9-452A-8616-D43C50DE0AEF}"
EndProject
Project("{8BC9CEB8-8B4A-11D0-8D11-00A0C91BC942}") = "dom_parser", "soul\xml\dom_parser\dom_parser.vcxproj", "{EEC73F8A-5509-48B9-8486-5C6023FAAE2D}"
EndProject
Project("{8BC9CEB8-8B4A-11D0-8D11-00A0C91BC942}") = "zlibstat", "ext\zlib-1.2.11\contrib\vstudio\vc14\zlibstat.vcxproj", "{745DEC58-EBB3-47A9-A9B8-4C6627C01BF8}"
EndProject
Project("{8BC9CEB8-8B4A-11D0-8D11-00A0C91BC942}") = "wing", "wing\wing.vcxproj", "{8694EF92-21ED-4FAF-8397-C1F4864F8680}"
EndProject
Project("{8BC9CEB8-8B4A-11D0-8D11-00A0C91BC942}") = "xpath", "soul\xml\xpath\xpath.vcxproj", "{04893F34-6CB8-4C8F-B3B0-6D82F47FD761}"
EndProject
Project("{8BC9CEB8-8B4A-11D0-8D11-00A0C91BC942}") = "springpp", "springpp\springpp.vcxproj", "{B66FFE7B-F004-40E4-B4FB-1003A2534E6C}"
EndProject
Project("{8BC9CEB8-8B4A-11D0-8D11-00A0C91BC942}") = "pic", "pic\pic.vcxproj", "{C8BF8730-4B2E-48F0-A0EE-B50D341B1886}"
EndProject
Project("{8BC9CEB8-8B4A-11D0-8D11-00A0C91BC942}") = "p", "p\p.vcxproj", "{5FE997D2-B473-4B61-99EF-FAADFEF8236F}"
EndProject
Project("{2150E333-8FDC-42A3-9474-1A3956D46DE8}") = "unit", "unit", "{141F5328-E677-4A48-B4B1-16542FBD5805}"
	ProjectSection(SolutionItems) = preProject
		unit\System.p = unit\System.p
	EndProjectSection
EndProject
Project("{8BC9CEB8-8B4A-11D0-8D11-00A0C91BC942}") = "pc", "pc\pc.vcxproj", "{F2D28439-7088-4E45-96FB-3217A0CC72E4}"
EndProject
Project("{2150E333-8FDC-42A3-9474-1A3956D46DE8}") = "prog", "prog", "{0E68EB20-EA4C-4E96-A8D3-6E7AC7F3889A}"
	ProjectSection(SolutionItems) = preProject
		prog\Assign.p = prog\Assign.p
		prog\Hello.p = prog\Hello.p
		prog\Int.p = prog\Int.p
		prog\Minimal.p = prog\Minimal.p
		prog\Ord.p = prog\Ord.p
		prog\UseByte.p = prog\UseByte.p
	EndProjectSection
EndProject
Project("{8BC9CEB8-8B4A-11D0-8D11-00A0C91BC942}") = "pd", "pd\pd.vcxproj", "{E8AEB711-FD89-4CAA-B634-E031532972E3}"
EndProject
Project("{8BC9CEB8-8B4A-11D0-8D11-00A0C91BC942}") = "rp", "rp\rp.vcxproj", "{C0570330-7BD8-4205-AE64-99163A3785F5}"
EndProject
Global
	GlobalSection(SolutionConfigurationPlatforms) = preSolution
		Debug|Itanium = Debug|Itanium
		Debug|x64 = Debug|x64
		Debug|x86 = Debug|x86
		Release|Itanium = Release|Itanium
		Release|x64 = Release|x64
		Release|x86 = Release|x86
		ReleaseWithoutAsm|Itanium = ReleaseWithoutAsm|Itanium
		ReleaseWithoutAsm|x64 = ReleaseWithoutAsm|x64
		ReleaseWithoutAsm|x86 = ReleaseWithoutAsm|x86
		Trace|Itanium = Trace|Itanium
		Trace|x64 = Trace|x64
		Trace|x86 = Trace|x86
	EndGlobalSection
	GlobalSection(ProjectConfigurationPlatforms) = postSolution
		{CD43EC92-557D-4E48-A31C-DA3D6499A72A}.Debug|Itanium.ActiveCfg = Debug|x64
		{CD43EC92-557D-4E48-A31C-DA3D6499A72A}.Debug|Itanium.Build.0 = Debug|x64
		{CD43EC92-557D-4E48-A31C-DA3D6499A72A}.Debug|x64.ActiveCfg = Debug|x64
		{CD43EC92-557D-4E48-A31C-DA3D6499A72A}.Debug|x64.Build.0 = Debug|x64
		{CD43EC92-557D-4E48-A31C-DA3D6499A72A}.Debug|x86.ActiveCfg = Debug|Win32
		{CD43EC92-557D-4E48-A31C-DA3D6499A72A}.Debug|x86.Build.0 = Debug|Win32
		{CD43EC92-557D-4E48-A31C-DA3D6499A72A}.Release|Itanium.ActiveCfg = Release|x64
		{CD43EC92-557D-4E48-A31C-DA3D6499A72A}.Release|Itanium.Build.0 = Release|x64
		{CD43EC92-557D-4E48-A31C-DA3D6499A72A}.Release|x64.ActiveCfg = Release|x64
		{CD43EC92-557D-4E48-A31C-DA3D6499A72A}.Release|x64.Build.0 = Release|x64
		{CD43EC92-557D-4E48-A31C-DA3D6499A72A}.Release|x86.ActiveCfg = Release|Win32
		{CD43EC92-557D-4E48-A31C-DA3D6499A72A}.Release|x86.Build.0 = Release|Win32
		{CD43EC92-557D-4E48-A31C-DA3D6499A72A}.ReleaseWithoutAsm|Itanium.ActiveCfg = Release|x64
		{CD43EC92-557D-4E48-A31C-DA3D6499A72A}.ReleaseWithoutAsm|Itanium.Build.0 = Release|x64
		{CD43EC92-557D-4E48-A31C-DA3D6499A72A}.ReleaseWithoutAsm|x64.ActiveCfg = Release|x64
		{CD43EC92-557D-4E48-A31C-DA3D6499A72A}.ReleaseWithoutAsm|x64.Build.0 = Release|x64
		{CD43EC92-557D-4E48-A31C-DA3D6499A72A}.ReleaseWithoutAsm|x86.ActiveCfg = Release|Win32
		{CD43EC92-557D-4E48-A31C-DA3D6499A72A}.ReleaseWithoutAsm|x86.Build.0 = Release|Win32
		{CD43EC92-557D-4E48-A31C-DA3D6499A72A}.Trace|Itanium.ActiveCfg = Debug|x64
		{CD43EC92-557D-4E48-A31C-DA3D6499A72A}.Trace|Itanium.Build.0 = Debug|x64
		{CD43EC92-557D-4E48-A31C-DA3D6499A72A}.Trace|x64.ActiveCfg = Debug|x64
		{CD43EC92-557D-4E48-A31C-DA3D6499A72A}.Trace|x64.Build.0 = Debug|x64
		{CD43EC92-557D-4E48-A31C-DA3D6499A72A}.Trace|x86.ActiveCfg = Debug|Win32
		{CD43EC92-557D-4E48-A31C-DA3D6499A72A}.Trace|x86.Build.0 = Debug|Win32
		{E50D22D4-FA0C-44D3-84FF-C00ACA971142}.Debug|Itanium.ActiveCfg = Debug|x64
		{E50D22D4-FA0C-44D3-84FF-C00ACA971142}.Debug|Itanium.Build.0 = Debug|x64
		{E50D22D4-FA0C-44D3-84FF-C00ACA971142}.Debug|x64.ActiveCfg = Debug|x64
		{E50D22D4-FA0C-44D3-84FF-C00ACA971142}.Debug|x64.Build.0 = Debug|x64
		{E50D22D4-FA0C-44D3-84FF-C00ACA971142}.Debug|x86.ActiveCfg = Debug|Win32
		{E50D22D4-FA0C-44D3-84FF-C00ACA971142}.Debug|x86.Build.0 = Debug|Win32
		{E50D22D4-FA0C-44D3-84FF-C00ACA971142}.Release|Itanium.ActiveCfg = Release|x64
		{E50D22D4-FA0C-44D3-84FF-C00ACA971142}.Release|Itanium.Build.0 = Release|x64
		{E50D22D4-FA0C-44D3-84FF-C00ACA971142}.Release|x64.ActiveCfg = Release|x64
		{E50D22D4-FA0C-44D3-84FF-C00ACA971142}.Release|x64.Build.0 = Release|x64
		{E50D22D4-FA0C-44D3-84FF-C00ACA971142}.Release|x86.ActiveCfg = Release|Win32
		{E50D22D4-FA0C-44D3-84FF-C00ACA971142}.Release|x86.Build.0 = Release|Win32
		{E50D22D4-FA0C-44D3-84FF-C00ACA971142}.ReleaseWithoutAsm|Itanium.ActiveCfg = Release|x64
		{E50D22D4-FA0C-44D3-84FF-C00ACA971142}.ReleaseWithoutAsm|Itanium.Build.0 = Release|x64
		{E50D22D4-FA0C-44D3-84FF-C00ACA971142}.ReleaseWithoutAsm|x64.ActiveCfg = Release|x64
		{E50D22D4-FA0C-44D3-84FF-C00ACA971142}.ReleaseWithoutAsm|x64.Build.0 = Release|x64
		{E50D22D4-FA0C-44D3-84FF-C00ACA971142}.ReleaseWithoutAsm|x86.ActiveCfg = Release|Win32
		{E50D22D4-FA0C-44D3-84FF-C00ACA971142}.ReleaseWithoutAsm|x86.Build.0 = Release|Win32
		{E50D22D4-FA0C-44D3-84FF-C00ACA971142}.Trace|Itanium.ActiveCfg = Debug|x64
		{E50D22D4-FA0C-44D3-84FF-C00ACA971142}.Trace|Itanium.Build.0 = Debug|x64
		{E50D22D4-FA0C-44D3-84FF-C00ACA971142}.Trace|x64.ActiveCfg = Debug|x64
		{E50D22D4-FA0C-44D3-84FF-C00ACA971142}.Trace|x64.Build.0 = Debug|x64
		{E50D22D4-FA0C-44D3-84FF-C00ACA971142}.Trace|x86.ActiveCfg = Debug|Win32
		{E50D22D4-FA0C-44D3-84FF-C00ACA971142}.Trace|x86.Build.0 = Debug|Win32
		{DFC10279-B1D9-4E8A-B991-2DFDC1641C09}.Debug|Itanium.ActiveCfg = Debug|x64
		{DFC10279-B1D9-4E8A-B991-2DFDC1641C09}.Debug|Itanium.Build.0 = Debug|x64
		{DFC10279-B1D9-4E8A-B991-2DFDC1641C09}.Debug|x64.ActiveCfg = Debug|x64
		{DFC10279-B1D9-4E8A-B991-2DFDC1641C09}.Debug|x64.Build.0 = Debug|x64
		{DFC10279-B1D9-4E8A-B991-2DFDC1641C09}.Debug|x86.ActiveCfg = Debug|Win32
		{DFC10279-B1D9-4E8A-B991-2DFDC1641C09}.Debug|x86.Build.0 = Debug|Win32
		{DFC10279-B1D9-4E8A-B991-2DFDC1641C09}.Release|Itanium.ActiveCfg = Release|x64
		{DFC10279-B1D9-4E8A-B991-2DFDC1641C09}.Release|Itanium.Build.0 = Release|x64
		{DFC10279-B1D9-4E8A-B991-2DFDC1641C09}.Release|x64.ActiveCfg = Release|x64
		{DFC10279-B1D9-4E8A-B991-2DFDC1641C09}.Release|x64.Build.0 = Release|x64
		{DFC10279-B1D9-4E8A-B991-2DFDC1641C09}.Release|x86.ActiveCfg = Release|Win32
		{DFC10279-B1D9-4E8A-B991-2DFDC1641C09}.Release|x86.Build.0 = Release|Win32
		{DFC10279-B1D9-4E8A-B991-2DFDC1641C09}.ReleaseWithoutAsm|Itanium.ActiveCfg = Release|x64
		{DFC10279-B1D9-4E8A-B991-2DFDC1641C09}.ReleaseWithoutAsm|Itanium.Build.0 = Release|x64
		{DFC10279-B1D9-4E8A-B991-2DFDC1641C09}.ReleaseWithoutAsm|x64.ActiveCfg = Release|x64
		{DFC10279-B1D9-4E8A-B991-2DFDC1641C09}.ReleaseWithoutAsm|x64.Build.0 = Release|x64
		{DFC10279-B1D9-4E8A-B991-2DFDC1641C09}.ReleaseWithoutAsm|x86.ActiveCfg = Release|Win32
		{DFC10279-B1D9-4E8A-B991-2DFDC1641C09}.ReleaseWithoutAsm|x86.Build.0 = Release|Win32
		{DFC10279-B1D9-4E8A-B991-2DFDC1641C09}.Trace|Itanium.ActiveCfg = Debug|x64
		{DFC10279-B1D9-4E8A-B991-2DFDC1641C09}.Trace|Itanium.Build.0 = Debug|x64
		{DFC10279-B1D9-4E8A-B991-2DFDC1641C09}.Trace|x64.ActiveCfg = Debug|x64
		{DFC10279-B1D9-4E8A-B991-2DFDC1641C09}.Trace|x64.Build.0 = Debug|x64
		{DFC10279-B1D9-4E8A-B991-2DFDC1641C09}.Trace|x86.ActiveCfg = Debug|Win32
		{DFC10279-B1D9-4E8A-B991-2DFDC1641C09}.Trace|x86.Build.0 = Debug|Win32
		{BEC84B9E-DB0D-4F3B-AACB-7D6EF4536084}.Debug|Itanium.ActiveCfg = Debug|x64
		{BEC84B9E-DB0D-4F3B-AACB-7D6EF4536084}.Debug|Itanium.Build.0 = Debug|x64
		{BEC84B9E-DB0D-4F3B-AACB-7D6EF4536084}.Debug|x64.ActiveCfg = Debug|x64
		{BEC84B9E-DB0D-4F3B-AACB-7D6EF4536084}.Debug|x64.Build.0 = Debug|x64
		{BEC84B9E-DB0D-4F3B-AACB-7D6EF4536084}.Debug|x86.ActiveCfg = Debug|Win32
		{BEC84B9E-DB0D-4F3B-AACB-7D6EF4536084}.Debug|x86.Build.0 = Debug|Win32
		{BEC84B9E-DB0D-4F3B-AACB-7D6EF4536084}.Release|Itanium.ActiveCfg = Release|x64
		{BEC84B9E-DB0D-4F3B-AACB-7D6EF4536084}.Release|Itanium.Build.0 = Release|x64
		{BEC84B9E-DB0D-4F3B-AACB-7D6EF4536084}.Release|x64.ActiveCfg = Release|x64
		{BEC84B9E-DB0D-4F3B-AACB-7D6EF4536084}.Release|x64.Build.0 = Release|x64
		{BEC84B9E-DB0D-4F3B-AACB-7D6EF4536084}.Release|x86.ActiveCfg = Release|Win32
		{BEC84B9E-DB0D-4F3B-AACB-7D6EF4536084}.Release|x86.Build.0 = Release|Win32
		{BEC84B9E-DB0D-4F3B-AACB-7D6EF4536084}.ReleaseWithoutAsm|Itanium.ActiveCfg = Release|x64
		{BEC84B9E-DB0D-4F3B-AACB-7D6EF4536084}.ReleaseWithoutAsm|Itanium.Build.0 = Release|x64
		{BEC84B9E-DB0D-4F3B-AACB-7D6EF4536084}.ReleaseWithoutAsm|x64.ActiveCfg = Release|x64
		{BEC84B9E-DB0D-4F3B-AACB-7D6EF4536084}.ReleaseWithoutAsm|x64.Build.0 = Release|x64
		{BEC84B9E-DB0D-4F3B-AACB-7D6EF4536084}.ReleaseWithoutAsm|x86.ActiveCfg = Release|Win32
		{BEC84B9E-DB0D-4F3B-AACB-7D6EF4536084}.ReleaseWithoutAsm|x86.Build.0 = Release|Win32
		{BEC84B9E-DB0D-4F3B-AACB-7D6EF4536084}.Trace|Itanium.ActiveCfg = Debug|x64
		{BEC84B9E-DB0D-4F3B-AACB-7D6EF4536084}.Trace|Itanium.Build.0 = Debug|x64
		{BEC84B9E-DB0D-4F3B-AACB-7D6EF4536084}.Trace|x64.ActiveCfg = Debug|x64
		{BEC84B9E-DB0D-4F3B-AACB-7D6EF4536084}.Trace|x64.Build.0 = Debug|x64
		{BEC84B9E-DB0D-4F3B-AACB-7D6EF4536084}.Trace|x86.ActiveCfg = Debug|Win32
		{BEC84B9E-DB0D-4F3B-AACB-7D6EF4536084}.Trace|x86.Build.0 = Debug|Win32
		{A3421069-99F5-4AF3-A738-6E8929E8FE6E}.Debug|Itanium.ActiveCfg = Debug|x64
		{A3421069-99F5-4AF3-A738-6E8929E8FE6E}.Debug|Itanium.Build.0 = Debug|x64
		{A3421069-99F5-4AF3-A738-6E8929E8FE6E}.Debug|x64.ActiveCfg = Debug|x64
		{A3421069-99F5-4AF3-A738-6E8929E8FE6E}.Debug|x64.Build.0 = Debug|x64
		{A3421069-99F5-4AF3-A738-6E8929E8FE6E}.Debug|x86.ActiveCfg = Debug|Win32
		{A3421069-99F5-4AF3-A738-6E8929E8FE6E}.Debug|x86.Build.0 = Debug|Win32
		{A3421069-99F5-4AF3-A738-6E8929E8FE6E}.Release|Itanium.ActiveCfg = Release|x64
		{A3421069-99F5-4AF3-A738-6E8929E8FE6E}.Release|Itanium.Build.0 = Release|x64
		{A3421069-99F5-4AF3-A738-6E8929E8FE6E}.Release|x64.ActiveCfg = Release|x64
		{A3421069-99F5-4AF3-A738-6E8929E8FE6E}.Release|x64.Build.0 = Release|x64
		{A3421069-99F5-4AF3-A738-6E8929E8FE6E}.Release|x86.ActiveCfg = Release|Win32
		{A3421069-99F5-4AF3-A738-6E8929E8FE6E}.Release|x86.Build.0 = Release|Win32
		{A3421069-99F5-4AF3-A738-6E8929E8FE6E}.ReleaseWithoutAsm|Itanium.ActiveCfg = Release|x64
		{A3421069-99F5-4AF3-A738-6E8929E8FE6E}.ReleaseWithoutAsm|Itanium.Build.0 = Release|x64
		{A3421069-99F5-4AF3-A738-6E8929E8FE6E}.ReleaseWithoutAsm|x64.ActiveCfg = Release|x64
		{A3421069-99F5-4AF3-A738-6E8929E8FE6E}.ReleaseWithoutAsm|x64.Build.0 = Release|x64
		{A3421069-99F5-4AF3-A738-6E8929E8FE6E}.ReleaseWithoutAsm|x86.ActiveCfg = Release|Win32
		{A3421069-99F5-4AF3-A738-6E8929E8FE6E}.ReleaseWithoutAsm|x86.Build.0 = Release|Win32
		{A3421069-99F5-4AF3-A738-6E8929E8FE6E}.Trace|Itanium.ActiveCfg = Debug|x64
		{A3421069-99F5-4AF3-A738-6E8929E8FE6E}.Trace|Itanium.Build.0 = Debug|x64
		{A3421069-99F5-4AF3-A738-6E8929E8FE6E}.Trace|x64.ActiveCfg = Debug|x64
		{A3421069-99F5-4AF3-A738-6E8929E8FE6E}.Trace|x64.Build.0 = Debug|x64
		{A3421069-99F5-4AF3-A738-6E8929E8FE6E}.Trace|x86.ActiveCfg = Debug|Win32
		{A3421069-99F5-4AF3-A738-6E8929E8FE6E}.Trace|x86.Build.0 = Debug|Win32
		{91106F40-A36E-4469-AAB5-F0B84C5ABB2A}.Debug|Itanium.ActiveCfg = Debug|x64
		{91106F40-A36E-4469-AAB5-F0B84C5ABB2A}.Debug|Itanium.Build.0 = Debug|x64
		{91106F40-A36E-4469-AAB5-F0B84C5ABB2A}.Debug|x64.ActiveCfg = Debug|x64
		{91106F40-A36E-4469-AAB5-F0B84C5ABB2A}.Debug|x64.Build.0 = Debug|x64
		{91106F40-A36E-4469-AAB5-F0B84C5ABB2A}.Debug|x86.ActiveCfg = Debug|Win32
		{91106F40-A36E-4469-AAB5-F0B84C5ABB2A}.Debug|x86.Build.0 = Debug|Win32
		{91106F40-A36E-4469-AAB5-F0B84C5ABB2A}.Release|Itanium.ActiveCfg = Release|x64
		{91106F40-A36E-4469-AAB5-F0B84C5ABB2A}.Release|Itanium.Build.0 = Release|x64
		{91106F40-A36E-4469-AAB5-F0B84C5ABB2A}.Release|x64.ActiveCfg = Release|x64
		{91106F40-A36E-4469-AAB5-F0B84C5ABB2A}.Release|x64.Build.0 = Release|x64
		{91106F40-A36E-4469-AAB5-F0B84C5ABB2A}.Release|x86.ActiveCfg = Release|Win32
		{91106F40-A36E-4469-AAB5-F0B84C5ABB2A}.Release|x86.Build.0 = Release|Win32
		{91106F40-A36E-4469-AAB5-F0B84C5ABB2A}.ReleaseWithoutAsm|Itanium.ActiveCfg = Release|x64
		{91106F40-A36E-4469-AAB5-F0B84C5ABB2A}.ReleaseWithoutAsm|Itanium.Build.0 = Release|x64
		{91106F40-A36E-4469-AAB5-F0B84C5ABB2A}.ReleaseWithoutAsm|x64.ActiveCfg = Release|x64
		{91106F40-A36E-4469-AAB5-F0B84C5ABB2A}.ReleaseWithoutAsm|x64.Build.0 = Release|x64
		{91106F40-A36E-4469-AAB5-F0B84C5ABB2A}.ReleaseWithoutAsm|x86.ActiveCfg = Release|Win32
		{91106F40-A36E-4469-AAB5-F0B84C5ABB2A}.ReleaseWithoutAsm|x86.Build.0 = Release|Win32
		{91106F40-A36E-4469-AAB5-F0B84C5ABB2A}.Trace|Itanium.ActiveCfg = Debug|x64
		{91106F40-A36E-4469-AAB5-F0B84C5ABB2A}.Trace|Itanium.Build.0 = Debug|x64
		{91106F40-A36E-4469-AAB5-F0B84C5ABB2A}.Trace|x64.ActiveCfg = Debug|x64
		{91106F40-A36E-4469-AAB5-F0B84C5ABB2A}.Trace|x64.Build.0 = Debug|x64
		{91106F40-A36E-4469-AAB5-F0B84C5ABB2A}.Trace|x86.ActiveCfg = Debug|Win32
		{91106F40-A36E-4469-AAB5-F0B84C5ABB2A}.Trace|x86.Build.0 = Debug|Win32
		{D096ED0E-BBB7-4E82-97C2-62018B8E8CC2}.Debug|Itanium.ActiveCfg = Debug|x64
		{D096ED0E-BBB7-4E82-97C2-62018B8E8CC2}.Debug|Itanium.Build.0 = Debug|x64
		{D096ED0E-BBB7-4E82-97C2-62018B8E8CC2}.Debug|x64.ActiveCfg = Debug|x64
		{D096ED0E-BBB7-4E82-97C2-62018B8E8CC2}.Debug|x64.Build.0 = Debug|x64
		{D096ED0E-BBB7-4E82-97C2-62018B8E8CC2}.Debug|x86.ActiveCfg = Debug|Win32
		{D096ED0E-BBB7-4E82-97C2-62018B8E8CC2}.Debug|x86.Build.0 = Debug|Win32
		{D096ED0E-BBB7-4E82-97C2-62018B8E8CC2}.Release|Itanium.ActiveCfg = Release|x64
		{D096ED0E-BBB7-4E82-97C2-62018B8E8CC2}.Release|Itanium.Build.0 = Release|x64
		{D096ED0E-BBB7-4E82-97C2-62018B8E8CC2}.Release|x64.ActiveCfg = Release|x64
		{D096ED0E-BBB7-4E82-97C2-62018B8E8CC2}.Release|x64.Build.0 = Release|x64
		{D096ED0E-BBB7-4E82-97C2-62018B8E8CC2}.Release|x86.ActiveCfg = Release|Win32
		{D096ED0E-BBB7-4E82-97C2-62018B8E8CC2}.Release|x86.Build.0 = Release|Win32
		{D096ED0E-BBB7-4E82-97C2-62018B8E8CC2}.ReleaseWithoutAsm|Itanium.ActiveCfg = Release|x64
		{D096ED0E-BBB7-4E82-97C2-62018B8E8CC2}.ReleaseWithoutAsm|Itanium.Build.0 = Release|x64
		{D096ED0E-BBB7-4E82-97C2-62018B8E8CC2}.ReleaseWithoutAsm|x64.ActiveCfg = Release|x64
		{D096ED0E-BBB7-4E82-97C2-62018B8E8CC2}.ReleaseWithoutAsm|x64.Build.0 = Release|x64
		{D096ED0E-BBB7-4E82-97C2-62018B8E8CC2}.ReleaseWithoutAsm|x86.ActiveCfg = Release|Win32
		{D096ED0E-BBB7-4E82-97C2-62018B8E8CC2}.ReleaseWithoutAsm|x86.Build.0 = Release|Win32
		{D096ED0E-BBB7-4E82-97C2-62018B8E8CC2}.Trace|Itanium.ActiveCfg = Debug|x64
		{D096ED0E-BBB7-4E82-97C2-62018B8E8CC2}.Trace|Itanium.Build.0 = Debug|x64
		{D096ED0E-BBB7-4E82-97C2-62018B8E8CC2}.Trace|x64.ActiveCfg = Debug|x64
		{D096ED0E-BBB7-4E82-97C2-62018B8E8CC2}.Trace|x64.Build.0 = Debug|x64
		{D096ED0E-BBB7-4E82-97C2-62018B8E8CC2}.Trace|x86.ActiveCfg = Debug|Win32
		{D096ED0E-BBB7-4E82-97C2-62018B8E8CC2}.Trace|x86.Build.0 = Debug|Win32
		{266A3D47-5AE9-452A-8616-D43C50DE0AEF}.Debug|Itanium.ActiveCfg = Debug|x64
		{266A3D47-5AE9-452A-8616-D43C50DE0AEF}.Debug|Itanium.Build.0 = Debug|x64
		{266A3D47-5AE9-452A-8616-D43C50DE0AEF}.Debug|x64.ActiveCfg = Debug|x64
		{266A3D47-5AE9-452A-8616-D43C50DE0AEF}.Debug|x64.Build.0 = Debug|x64
		{266A3D47-5AE9-452A-8616-D43C50DE0AEF}.Debug|x86.ActiveCfg = Debug|Win32
		{266A3D47-5AE9-452A-8616-D43C50DE0AEF}.Debug|x86.Build.0 = Debug|Win32
		{266A3D47-5AE9-452A-8616-D43C50DE0AEF}.Release|Itanium.ActiveCfg = Release|x64
		{266A3D47-5AE9-452A-8616-D43C50DE0AEF}.Release|Itanium.Build.0 = Release|x64
		{266A3D47-5AE9-452A-8616-D43C50DE0AEF}.Release|x64.ActiveCfg = Release|x64
		{266A3D47-5AE9-452A-8616-D43C50DE0AEF}.Release|x64.Build.0 = Release|x64
		{266A3D47-5AE9-452A-8616-D43C50DE0AEF}.Release|x86.ActiveCfg = Release|Win32
		{266A3D47-5AE9-452A-8616-D43C50DE0AEF}.Release|x86.Build.0 = Release|Win32
		{266A3D47-5AE9-452A-8616-D43C50DE0AEF}.ReleaseWithoutAsm|Itanium.ActiveCfg = Release|x64
		{266A3D47-5AE9-452A-8616-D43C50DE0AEF}.ReleaseWithoutAsm|Itanium.Build.0 = Release|x64
		{266A3D47-5AE9-452A-8616-D43C50DE0AEF}.ReleaseWithoutAsm|x64.ActiveCfg = Release|x64
		{266A3D47-5AE9-452A-8616-D43C50DE0AEF}.ReleaseWithoutAsm|x64.Build.0 = Release|x64
		{266A3D47-5AE9-452A-8616-D43C50DE0AEF}.ReleaseWithoutAsm|x86.ActiveCfg = Release|Win32
		{266A3D47-5AE9-452A-8616-D43C50DE0AEF}.ReleaseWithoutAsm|x86.Build.0 = Release|Win32
		{266A3D47-5AE9-452A-8616-D43C50DE0AEF}.Trace|Itanium.ActiveCfg = Debug|x64
		{266A3D47-5AE9-452A-8616-D43C50DE0AEF}.Trace|Itanium.Build.0 = Debug|x64
		{266A3D47-5AE9-452A-8616-D43C50DE0AEF}.Trace|x64.ActiveCfg = Debug|x64
		{266A3D47-5AE9-452A-8616-D43C50DE0AEF}.Trace|x64.Build.0 = Debug|x64
		{266A3D47-5AE9-452A-8616-D43C50DE0AEF}.Trace|x86.ActiveCfg = Debug|Win32
		{266A3D47-5AE9-452A-8616-D43C50DE0AEF}.Trace|x86.Build.0 = Debug|Win32
		{EEC73F8A-5509-48B9-8486-5C6023FAAE2D}.Debug|Itanium.ActiveCfg = Debug|x64
		{EEC73F8A-5509-48B9-8486-5C6023FAAE2D}.Debug|Itanium.Build.0 = Debug|x64
		{EEC73F8A-5509-48B9-8486-5C6023FAAE2D}.Debug|x64.ActiveCfg = Debug|x64
		{EEC73F8A-5509-48B9-8486-5C6023FAAE2D}.Debug|x64.Build.0 = Debug|x64
		{EEC73F8A-5509-48B9-8486-5C6023FAAE2D}.Debug|x86.ActiveCfg = Debug|Win32
		{EEC73F8A-5509-48B9-8486-5C6023FAAE2D}.Debug|x86.Build.0 = Debug|Win32
		{EEC73F8A-5509-48B9-8486-5C6023FAAE2D}.Release|Itanium.ActiveCfg = Release|x64
		{EEC73F8A-5509-48B9-8486-5C6023FAAE2D}.Release|Itanium.Build.0 = Release|x64
		{EEC73F8A-5509-48B9-8486-5C6023FAAE2D}.Release|x64.ActiveCfg = Release|x64
		{EEC73F8A-5509-48B9-8486-5C6023FAAE2D}.Release|x64.Build.0 = Release|x64
		{EEC73F8A-5509-48B9-8486-5C6023FAAE2D}.Release|x86.ActiveCfg = Release|Win32
		{EEC73F8A-5509-48B9-8486-5C6023FAAE2D}.Release|x86.Build.0 = Release|Win32
		{EEC73F8A-5509-48B9-8486-5C6023FAAE2D}.ReleaseWithoutAsm|Itanium.ActiveCfg = Release|x64
		{EEC73F8A-5509-48B9-8486-5C6023FAAE2D}.ReleaseWithoutAsm|Itanium.Build.0 = Release|x64
		{EEC73F8A-5509-48B9-8486-5C6023FAAE2D}.ReleaseWithoutAsm|x64.ActiveCfg = Release|x64
		{EEC73F8A-5509-48B9-8486-5C6023FAAE2D}.ReleaseWithoutAsm|x64.Build.0 = Release|x64
		{EEC73F8A-5509-48B9-8486-5C6023FAAE2D}.ReleaseWithoutAsm|x86.ActiveCfg = Release|Win32
		{EEC73F8A-5509-48B9-8486-5C6023FAAE2D}.ReleaseWithoutAsm|x86.Build.0 = Release|Win32
		{EEC73F8A-5509-48B9-8486-5C6023FAAE2D}.Trace|Itanium.ActiveCfg = Debug|x64
		{EEC73F8A-5509-48B9-8486-5C6023FAAE2D}.Trace|Itanium.Build.0 = Debug|x64
		{EEC73F8A-5509-48B9-8486-5C6023FAAE2D}.Trace|x64.ActiveCfg = Debug|x64
		{EEC73F8A-5509-48B9-8486-5C6023FAAE2D}.Trace|x64.Build.0 = Debug|x64
		{EEC73F8A-5509-48B9-8486-5C6023FAAE2D}.Trace|x86.ActiveCfg = Debug|Win32
		{EEC73F8A-5509-48B9-8486-5C6023FAAE2D}.Trace|x86.Build.0 = Debug|Win32
		{745DEC58-EBB3-47A9-A9B8-4C6627C01BF8}.Debug|Itanium.ActiveCfg = Debug|Itanium
		{745DEC58-EBB3-47A9-A9B8-4C6627C01BF8}.Debug|Itanium.Build.0 = Debug|Itanium
		{745DEC58-EBB3-47A9-A9B8-4C6627C01BF8}.Debug|x64.ActiveCfg = Debug|x64
		{745DEC58-EBB3-47A9-A9B8-4C6627C01BF8}.Debug|x64.Build.0 = Debug|x64
		{745DEC58-EBB3-47A9-A9B8-4C6627C01BF8}.Debug|x86.ActiveCfg = Debug|Win32
		{745DEC58-EBB3-47A9-A9B8-4C6627C01BF8}.Debug|x86.Build.0 = Debug|Win32
		{745DEC58-EBB3-47A9-A9B8-4C6627C01BF8}.Release|Itanium.ActiveCfg = Release|Itanium
		{745DEC58-EBB3-47A9-A9B8-4C6627C01BF8}.Release|Itanium.Build.0 = Release|Itanium
		{745DEC58-EBB3-47A9-A9B8-4C6627C01BF8}.Release|x64.ActiveCfg = Release|x64
		{745DEC58-EBB3-47A9-A9B8-4C6627C01BF8}.Release|x64.Build.0 = Release|x64
		{745DEC58-EBB3-47A9-A9B8-4C6627C01BF8}.Release|x86.ActiveCfg = Release|Win32
		{745DEC58-EBB3-47A9-A9B8-4C6627C01BF8}.Release|x86.Build.0 = Release|Win32
		{745DEC58-EBB3-47A9-A9B8-4C6627C01BF8}.ReleaseWithoutAsm|Itanium.ActiveCfg = ReleaseWithoutAsm|Itanium
		{745DEC58-EBB3-47A9-A9B8-4C6627C01BF8}.ReleaseWithoutAsm|Itanium.Build.0 = ReleaseWithoutAsm|Itanium
		{745DEC58-EBB3-47A9-A9B8-4C6627C01BF8}.ReleaseWithoutAsm|x64.ActiveCfg = ReleaseWithoutAsm|x64
		{745DEC58-EBB3-47A9-A9B8-4C6627C01BF8}.ReleaseWithoutAsm|x64.Build.0 = ReleaseWithoutAsm|x64
		{745DEC58-EBB3-47A9-A9B8-4C6627C01BF8}.ReleaseWithoutAsm|x86.ActiveCfg = ReleaseWithoutAsm|Win32
		{745DEC58-EBB3-47A9-A9B8-4C6627C01BF8}.ReleaseWithoutAsm|x86.Build.0 = ReleaseWithoutAsm|Win32
		{745DEC58-EBB3-47A9-A9B8-4C6627C01BF8}.Trace|Itanium.ActiveCfg = Trace|Itanium
		{745DEC58-EBB3-47A9-A9B8-4C6627C01BF8}.Trace|Itanium.Build.0 = Trace|Itanium
		{745DEC58-EBB3-47A9-A9B8-4C6627C01BF8}.Trace|x64.ActiveCfg = Trace|x64
		{745DEC58-EBB3-47A9-A9B8-4C6627C01BF8}.Trace|x64.Build.0 = Trace|x64
		{745DEC58-EBB3-47A9-A9B8-4C6627C01BF8}.Trace|x86.ActiveCfg = Trace|Win32
		{745DEC58-EBB3-47A9-A9B8-4C6627C01BF8}.Trace|x86.Build.0 = Trace|Win32
		{8694EF92-21ED-4FAF-8397-C1F4864F8680}.Debug|Itanium.ActiveCfg = Debug|x64
		{8694EF92-21ED-4FAF-8397-C1F4864F8680}.Debug|Itanium.Build.0 = Debug|x64
		{8694EF92-21ED-4FAF-8397-C1F4864F8680}.Debug|x64.ActiveCfg = Debug|x64
		{8694EF92-21ED-4FAF-8397-C1F4864F8680}.Debug|x64.Build.0 = Debug|x64
		{8694EF92-21ED-4FAF-8397-C1F4864F8680}.Debug|x86.ActiveCfg = Debug|Win32
		{8694EF92-21ED-4FAF-8397-C1F4864F8680}.Debug|x86.Build.0 = Debug|Win32
		{8694EF92-21ED-4FAF-8397-C1F4864F8680}.Release|Itanium.ActiveCfg = Release|x64
		{8694EF92-21ED-4FAF-8397-C1F4864F8680}.Release|Itanium.Build.0 = Release|x64
		{8694EF92-21ED-4FAF-8397-C1F4864F8680}.Release|x64.ActiveCfg = Release|x64
		{8694EF92-21ED-4FAF-8397-C1F4864F8680}.Release|x64.Build.0 = Release|x64
		{8694EF92-21ED-4FAF-8397-C1F4864F8680}.Release|x86.ActiveCfg = Release|Win32
		{8694EF92-21ED-4FAF-8397-C1F4864F8680}.Release|x86.Build.0 = Release|Win32
		{8694EF92-21ED-4FAF-8397-C1F4864F8680}.ReleaseWithoutAsm|Itanium.ActiveCfg = Release|x64
		{8694EF92-21ED-4FAF-8397-C1F4864F8680}.ReleaseWithoutAsm|Itanium.Build.0 = Release|x64
		{8694EF92-21ED-4FAF-8397-C1F4864F8680}.ReleaseWithoutAsm|x64.ActiveCfg = Release|x64
		{8694EF92-21ED-4FAF-8397-C1F4864F8680}.ReleaseWithoutAsm|x64.Build.0 = Release|x64
		{8694EF92-21ED-4FAF-8397-C1F4864F8680}.ReleaseWithoutAsm|x86.ActiveCfg = Release|Win32
		{8694EF92-21ED-4FAF-8397-C1F4864F8680}.ReleaseWithoutAsm|x86.Build.0 = Release|Win32
		{8694EF92-21ED-4FAF-8397-C1F4864F8680}.Trace|Itanium.ActiveCfg = Debug|x64
		{8694EF92-21ED-4FAF-8397-C1F4864F8680}.Trace|Itanium.Build.0 = Debug|x64
		{8694EF92-21ED-4FAF-8397-C1F4864F8680}.Trace|x64.ActiveCfg = Debug|x64
		{8694EF92-21ED-4FAF-8397-C1F4864F8680}.Trace|x64.Build.0 = Debug|x64
		{8694EF92-21ED-4FAF-8397-C1F4864F8680}.Trace|x86.ActiveCfg = Debug|Win32
		{8694EF92-21ED-4FAF-8397-C1F4864F8680}.Trace|x86.Build.0 = Debug|Win32
		{04893F34-6CB8-4C8F-B3B0-6D82F47FD761}.Debug|Itanium.ActiveCfg = Debug|x64
		{04893F34-6CB8-4C8F-B3B0-6D82F47FD761}.Debug|Itanium.Build.0 = Debug|x64
		{04893F34-6CB8-4C8F-B3B0-6D82F47FD761}.Debug|x64.ActiveCfg = Debug|x64
		{04893F34-6CB8-4C8F-B3B0-6D82F47FD761}.Debug|x64.Build.0 = Debug|x64
		{04893F34-6CB8-4C8F-B3B0-6D82F47FD761}.Debug|x86.ActiveCfg = Debug|Win32
		{04893F34-6CB8-4C8F-B3B0-6D82F47FD761}.Debug|x86.Build.0 = Debug|Win32
		{04893F34-6CB8-4C8F-B3B0-6D82F47FD761}.Release|Itanium.ActiveCfg = Release|x64
		{04893F34-6CB8-4C8F-B3B0-6D82F47FD761}.Release|Itanium.Build.0 = Release|x64
		{04893F34-6CB8-4C8F-B3B0-6D82F47FD761}.Release|x64.ActiveCfg = Release|x64
		{04893F34-6CB8-4C8F-B3B0-6D82F47FD761}.Release|x64.Build.0 = Release|x64
		{04893F34-6CB8-4C8F-B3B0-6D82F47FD761}.Release|x86.ActiveCfg = Release|Win32
		{04893F34-6CB8-4C8F-B3B0-6D82F47FD761}.Release|x86.Build.0 = Release|Win32
		{04893F34-6CB8-4C8F-B3B0-6D82F47FD761}.ReleaseWithoutAsm|Itanium.ActiveCfg = Release|x64
		{04893F34-6CB8-4C8F-B3B0-6D82F47FD761}.ReleaseWithoutAsm|Itanium.Build.0 = Release|x64
		{04893F34-6CB8-4C8F-B3B0-6D82F47FD761}.ReleaseWithoutAsm|x64.ActiveCfg = Release|x64
		{04893F34-6CB8-4C8F-B3B0-6D82F47FD761}.ReleaseWithoutAsm|x64.Build.0 = Release|x64
		{04893F34-6CB8-4C8F-B3B0-6D82F47FD761}.ReleaseWithoutAsm|x86.ActiveCfg = Release|Win32
		{04893F34-6CB8-4C8F-B3B0-6D82F47FD761}.ReleaseWithoutAsm|x86.Build.0 = Release|Win32
		{04893F34-6CB8-4C8F-B3B0-6D82F47FD761}.Trace|Itanium.ActiveCfg = Debug|x64
		{04893F34-6CB8-4C8F-B3B0-6D82F47FD761}.Trace|Itanium.Build.0 = Debug|x64
		{04893F34-6CB8-4C8F-B3B0-6D82F47FD761}.Trace|x64.ActiveCfg = Debug|x64
		{04893F34-6CB8-4C8F-B3B0-6D82F47FD761}.Trace|x64.Build.0 = Debug|x64
		{04893F34-6CB8-4C8F-B3B0-6D82F47FD761}.Trace|x86.ActiveCfg = Debug|Win32
		{04893F34-6CB8-4C8F-B3B0-6D82F47FD761}.Trace|x86.Build.0 = Debug|Win32
		{B66FFE7B-F004-40E4-B4FB-1003A2534E6C}.Debug|Itanium.ActiveCfg = Debug|x64
		{B66FFE7B-F004-40E4-B4FB-1003A2534E6C}.Debug|Itanium.Build.0 = Debug|x64
		{B66FFE7B-F004-40E4-B4FB-1003A2534E6C}.Debug|x64.ActiveCfg = Debug|x64
		{B66FFE7B-F004-40E4-B4FB-1003A2534E6C}.Debug|x64.Build.0 = Debug|x64
		{B66FFE7B-F004-40E4-B4FB-1003A2534E6C}.Debug|x86.ActiveCfg = Debug|Win32
		{B66FFE7B-F004-40E4-B4FB-1003A2534E6C}.Debug|x86.Build.0 = Debug|Win32
		{B66FFE7B-F004-40E4-B4FB-1003A2534E6C}.Release|Itanium.ActiveCfg = Release|x64
		{B66FFE7B-F004-40E4-B4FB-1003A2534E6C}.Release|Itanium.Build.0 = Release|x64
		{B66FFE7B-F004-40E4-B4FB-1003A2534E6C}.Release|x64.ActiveCfg = Release|x64
		{B66FFE7B-F004-40E4-B4FB-1003A2534E6C}.Release|x64.Build.0 = Release|x64
		{B66FFE7B-F004-40E4-B4FB-1003A2534E6C}.Release|x86.ActiveCfg = Release|Win32
		{B66FFE7B-F004-40E4-B4FB-1003A2534E6C}.Release|x86.Build.0 = Release|Win32
		{B66FFE7B-F004-40E4-B4FB-1003A2534E6C}.ReleaseWithoutAsm|Itanium.ActiveCfg = Release|x64
		{B66FFE7B-F004-40E4-B4FB-1003A2534E6C}.ReleaseWithoutAsm|Itanium.Build.0 = Release|x64
		{B66FFE7B-F004-40E4-B4FB-1003A2534E6C}.ReleaseWithoutAsm|x64.ActiveCfg = Release|x64
		{B66FFE7B-F004-40E4-B4FB-1003A2534E6C}.ReleaseWithoutAsm|x64.Build.0 = Release|x64
		{B66FFE7B-F004-40E4-B4FB-1003A2534E6C}.ReleaseWithoutAsm|x86.ActiveCfg = Release|Win32
		{B66FFE7B-F004-40E4-B4FB-1003A2534E6C}.ReleaseWithoutAsm|x86.Build.0 = Release|Win32
		{B66FFE7B-F004-40E4-B4FB-1003A2534E6C}.Trace|Itanium.ActiveCfg = Debug|x64
		{B66FFE7B-F004-40E4-B4FB-1003A2534E6C}.Trace|Itanium.Build.0 = Debug|x64
		{B66FFE7B-F004-40E4-B4FB-1003A2534E6C}.Trace|x64.ActiveCfg = Debug|x64
		{B66FFE7B-F004-40E4-B4FB-1003A2534E6C}.Trace|x64.Build.0 = Debug|x64
		{B66FFE7B-F004-40E4-B4FB-1003A2534E6C}.Trace|x86.ActiveCfg = Debug|Win32
		{B66FFE7B-F004-40E4-B4FB-1003A2534E6C}.Trace|x86.Build.0 = Debug|Win32
		{C8BF8730-4B2E-48F0-A0EE-B50D341B1886}.Debug|Itanium.ActiveCfg = Debug|x64
		{C8BF8730-4B2E-48F0-A0EE-B50D341B1886}.Debug|Itanium.Build.0 = Debug|x64
		{C8BF8730-4B2E-48F0-A0EE-B50D341B1886}.Debug|x64.ActiveCfg = Debug|x64
		{C8BF8730-4B2E-48F0-A0EE-B50D341B1886}.Debug|x64.Build.0 = Debug|x64
		{C8BF8730-4B2E-48F0-A0EE-B50D341B1886}.Debug|x86.ActiveCfg = Debug|Win32
		{C8BF8730-4B2E-48F0-A0EE-B50D341B1886}.Debug|x86.Build.0 = Debug|Win32
		{C8BF8730-4B2E-48F0-A0EE-B50D341B1886}.Release|Itanium.ActiveCfg = Release|x64
		{C8BF8730-4B2E-48F0-A0EE-B50D341B1886}.Release|Itanium.Build.0 = Release|x64
		{C8BF8730-4B2E-48F0-A0EE-B50D341B1886}.Release|x64.ActiveCfg = Release|x64
		{C8BF8730-4B2E-48F0-A0EE-B50D341B1886}.Release|x64.Build.0 = Release|x64
		{C8BF8730-4B2E-48F0-A0EE-B50D341B1886}.Release|x86.ActiveCfg = Release|Win32
		{C8BF8730-4B2E-48F0-A0EE-B50D341B1886}.Release|x86.Build.0 = Release|Win32
		{C8BF8730-4B2E-48F0-A0EE-B50D341B1886}.ReleaseWithoutAsm|Itanium.ActiveCfg = Release|x64
		{C8BF8730-4B2E-48F0-A0EE-B50D341B1886}.ReleaseWithoutAsm|Itanium.Build.0 = Release|x64
		{C8BF8730-4B2E-48F0-A0EE-B50D341B1886}.ReleaseWithoutAsm|x64.ActiveCfg = Release|x64
		{C8BF8730-4B2E-48F0-A0EE-B50D341B1886}.ReleaseWithoutAsm|x64.Build.0 = Release|x64
		{C8BF8730-4B2E-48F0-A0EE-B50D341B1886}.ReleaseWithoutAsm|x86.ActiveCfg = Release|Win32
		{C8BF8730-4B2E-48F0-A0EE-B50D341B1886}.ReleaseWithoutAsm|x86.Build.0 = Release|Win32
		{C8BF8730-4B2E-48F0-A0EE-B50D341B1886}.Trace|Itanium.ActiveCfg = Debug|x64
		{C8BF8730-4B2E-48F0-A0EE-B50D341B1886}.Trace|Itanium.Build.0 = Debug|x64
		{C8BF8730-4B2E-48F0-A0EE-B50D341B1886}.Trace|x64.ActiveCfg = Debug|x64
		{C8BF8730-4B2E-48F0-A0EE-B50D341B1886}.Trace|x64.Build.0 = Debug|x64
		{C8BF8730-4B2E-48F0-A0EE-B50D341B1886}.Trace|x86.ActiveCfg = Debug|Win32
		{C8BF8730-4B2E-48F0-A0EE-B50D341B1886}.Trace|x86.Build.0 = Debug|Win32
		{5FE997D2-B473-4B61-99EF-FAADFEF8236F}.Debug|Itanium.ActiveCfg = Debug|x64
		{5FE997D2-B473-4B61-99EF-FAADFEF8236F}.Debug|Itanium.Build.0 = Debug|x64
		{5FE997D2-B473-4B61-99EF-FAADFEF8236F}.Debug|x64.ActiveCfg = Debug|x64
		{5FE997D2-B473-4B61-99EF-FAADFEF8236F}.Debug|x64.Build.0 = Debug|x64
		{5FE997D2-B473-4B61-99EF-FAADFEF8236F}.Debug|x86.ActiveCfg = Debug|Win32
		{5FE997D2-B473-4B61-99EF-FAADFEF8236F}.Debug|x86.Build.0 = Debug|Win32
		{5FE997D2-B473-4B61-99EF-FAADFEF8236F}.Release|Itanium.ActiveCfg = Release|x64
		{5FE997D2-B473-4B61-99EF-FAADFEF8236F}.Release|Itanium.Build.0 = Release|x64
		{5FE997D2-B473-4B61-99EF-FAADFEF8236F}.Release|x64.ActiveCfg = Release|x64
		{5FE997D2-B473-4B61-99EF-FAADFEF8236F}.Release|x64.Build.0 = Release|x64
		{5FE997D2-B473-4B61-99EF-FAADFEF8236F}.Release|x86.ActiveCfg = Release|Win32
		{5FE997D2-B473-4B61-99EF-FAADFEF8236F}.Release|x86.Build.0 = Release|Win32
		{5FE997D2-B473-4B61-99EF-FAADFEF8236F}.ReleaseWithoutAsm|Itanium.ActiveCfg = Release|x64
		{5FE997D2-B473-4B61-99EF-FAADFEF8236F}.ReleaseWithoutAsm|Itanium.Build.0 = Release|x64
		{5FE997D2-B473-4B61-99EF-FAADFEF8236F}.ReleaseWithoutAsm|x64.ActiveCfg = Release|x64
		{5FE997D2-B473-4B61-99EF-FAADFEF8236F}.ReleaseWithoutAsm|x64.Build.0 = Release|x64
		{5FE997D2-B473-4B61-99EF-FAADFEF8236F}.ReleaseWithoutAsm|x86.ActiveCfg = Release|Win32
		{5FE997D2-B473-4B61-99EF-FAADFEF8236F}.ReleaseWithoutAsm|x86.Build.0 = Release|Win32
		{5FE997D2-B473-4B61-99EF-FAADFEF8236F}.Trace|Itanium.ActiveCfg = Debug|x64
		{5FE997D2-B473-4B61-99EF-FAADFEF8236F}.Trace|Itanium.Build.0 = Debug|x64
		{5FE997D2-B473-4B61-99EF-FAADFEF8236F}.Trace|x64.ActiveCfg = Debug|x64
		{5FE997D2-B473-4B61-99EF-FAADFEF8236F}.Trace|x64.Build.0 = Debug|x64
		{5FE997D2-B473-4B61-99EF-FAADFEF8236F}.Trace|x86.ActiveCfg = Debug|Win32
		{5FE997D2-B473-4B61-99EF-FAADFEF8236F}.Trace|x86.Build.0 = Debug|Win32
		{F2D28439-7088-4E45-96FB-3217A0CC72E4}.Debug|Itanium.ActiveCfg = Debug|x64
		{F2D28439-7088-4E45-96FB-3217A0CC72E4}.Debug|Itanium.Build.0 = Debug|x64
		{F2D28439-7088-4E45-96FB-3217A0CC72E4}.Debug|x64.ActiveCfg = Debug|x64
		{F2D28439-7088-4E45-96FB-3217A0CC72E4}.Debug|x64.Build.0 = Debug|x64
		{F2D28439-7088-4E45-96FB-3217A0CC72E4}.Debug|x86.ActiveCfg = Debug|Win32
		{F2D28439-7088-4E45-96FB-3217A0CC72E4}.Debug|x86.Build.0 = Debug|Win32
		{F2D28439-7088-4E45-96FB-3217A0CC72E4}.Release|Itanium.ActiveCfg = Release|x64
		{F2D28439-7088-4E45-96FB-3217A0CC72E4}.Release|Itanium.Build.0 = Release|x64
		{F2D28439-7088-4E45-96FB-3217A0CC72E4}.Release|x64.ActiveCfg = Release|x64
		{F2D28439-7088-4E45-96FB-3217A0CC72E4}.Release|x64.Build.0 = Release|x64
		{F2D28439-7088-4E45-96FB-3217A0CC72E4}.Release|x86.ActiveCfg = Release|Win32
		{F2D28439-7088-4E45-96FB-3217A0CC72E4}.Release|x86.Build.0 = Release|Win32
		{F2D28439-7088-4E45-96FB-3217A0CC72E4}.ReleaseWithoutAsm|Itanium.ActiveCfg = Release|x64
		{F2D28439-7088-4E45-96FB-3217A0CC72E4}.ReleaseWithoutAsm|Itanium.Build.0 = Release|x64
		{F2D28439-7088-4E45-96FB-3217A0CC72E4}.ReleaseWithoutAsm|x64.ActiveCfg = Release|x64
		{F2D28439-7088-4E45-96FB-3217A0CC72E4}.ReleaseWithoutAsm|x64.Build.0 = Release|x64
		{F2D28439-7088-4E45-96FB-3217A0CC72E4}.ReleaseWithoutAsm|x86.ActiveCfg = Release|Win32
		{F2D28439-7088-4E45-96FB-3217A0CC72E4}.ReleaseWithoutAsm|x86.Build.0 = Release|Win32
		{F2D28439-7088-4E45-96FB-3217A0CC72E4}.Trace|Itanium.ActiveCfg = Debug|x64
		{F2D28439-7088-4E45-96FB-3217A0CC72E4}.Trace|Itanium.Build.0 = Debug|x64
		{F2D28439-7088-4E45-96FB-3217A0CC72E4}.Trace|x64.ActiveCfg = Debug|x64
		{F2D28439-7088-4E45-96FB-3217A0CC72E4}.Trace|x64.Build.0 = Debug|x64
		{F2D28439-7088-4E45-96FB-3217A0CC72E4}.Trace|x86.ActiveCfg = Debug|Win32
		{F2D28439-7088-4E45-96FB-3217A0CC72E4}.Trace|x86.Build.0 = Debug|Win32
		{E8AEB711-FD89-4CAA-B634-E031532972E3}.Debug|Itanium.ActiveCfg = Debug|x64
		{E8AEB711-FD89-4CAA-B634-E031532972E3}.Debug|Itanium.Build.0 = Debug|x64
		{E8AEB711-FD89-4CAA-B634-E031532972E3}.Debug|x64.ActiveCfg = Debug|x64
		{E8AEB711-FD89-4CAA-B634-E031532972E3}.Debug|x64.Build.0 = Debug|x64
		{E8AEB711-FD89-4CAA-B634-E031532972E3}.Debug|x86.ActiveCfg = Debug|Win32
		{E8AEB711-FD89-4CAA-B634-E031532972E3}.Debug|x86.Build.0 = Debug|Win32
		{E8AEB711-FD89-4CAA-B634-E031532972E3}.Release|Itanium.ActiveCfg = Release|x64
		{E8AEB711-FD89-4CAA-B634-E031532972E3}.Release|Itanium.Build.0 = Release|x64
		{E8AEB711-FD89-4CAA-B634-E031532972E3}.Release|x64.ActiveCfg = Release|x64
		{E8AEB711-FD89-4CAA-B634-E031532972E3}.Release|x64.Build.0 = Release|x64
		{E8AEB711-FD89-4CAA-B634-E031532972E3}.Release|x86.ActiveCfg = Release|Win32
		{E8AEB711-FD89-4CAA-B634-E031532972E3}.Release|x86.Build.0 = Release|Win32
		{E8AEB711-FD89-4CAA-B634-E031532972E3}.ReleaseWithoutAsm|Itanium.ActiveCfg = Release|x64
		{E8AEB711-FD89-4CAA-B634-E031532972E3}.ReleaseWithoutAsm|Itanium.Build.0 = Release|x64
		{E8AEB711-FD89-4CAA-B634-E031532972E3}.ReleaseWithoutAsm|x64.ActiveCfg = Release|x64
		{E8AEB711-FD89-4CAA-B634-E031532972E3}.ReleaseWithoutAsm|x64.Build.0 = Release|x64
		{E8AEB711-FD89-4CAA-B634-E031532972E3}.ReleaseWithoutAsm|x86.ActiveCfg = Release|Win32
		{E8AEB711-FD89-4CAA-B634-E031532972E3}.ReleaseWithoutAsm|x86.Build.0 = Release|Win32
		{E8AEB711-FD89-4CAA-B634-E031532972E3}.Trace|Itanium.ActiveCfg = Debug|x64
		{E8AEB711-FD89-4CAA-B634-E031532972E3}.Trace|Itanium.Build.0 = Debug|x64
		{E8AEB711-FD89-4CAA-B634-E031532972E3}.Trace|x64.ActiveCfg = Debug|x64
		{E8AEB711-FD89-4CAA-B634-E031532972E3}.Trace|x64.Build.0 = Debug|x64
		{E8AEB711-FD89-4CAA-B634-E031532972E3}.Trace|x86.ActiveCfg = Debug|Win32
		{E8AEB711-FD89-4CAA-B634-E031532972E3}.Trace|x86.Build.0 = Debug|Win32
		{C0570330-7BD8-4205-AE64-99163A3785F5}.Debug|Itanium.ActiveCfg = Debug|x64
		{C0570330-7BD8-4205-AE64-99163A3785F5}.Debug|Itanium.Build.0 = Debug|x64
		{C0570330-7BD8-4205-AE64-99163A3785F5}.Debug|x64.ActiveCfg = Debug|x64
		{C0570330-7BD8-4205-AE64-99163A3785F5}.Debug|x64.Build.0 = Debug|x64
		{C0570330-7BD8-4205-AE64-99163A3785F5}.Debug|x86.ActiveCfg = Debug|Win32
		{C0570330-7BD8-4205-AE64-99163A3785F5}.Debug|x86.Build.0 = Debug|Win32
		{C0570330-7BD8-4205-AE64-99163A3785F5}.Release|Itanium.ActiveCfg = Release|x64
		{C0570330-7BD8-4205-AE64-99163A3785F5}.Release|Itanium.Build.0 = Release|x64
		{C0570330-7BD8-4205-AE64-99163A3785F5}.Release|x64.ActiveCfg = Release|x64
		{C0570330-7BD8-4205-AE64-99163A3785F5}.Release|x64.Build.0 = Release|x64
		{C0570330-7BD8-4205-AE64-99163A3785F5}.Release|x86.ActiveCfg = Release|Win32
		{C0570330-7BD8-4205-AE64-99163A3785F5}.Release|x86.Build.0 = Release|Win32
		{C0570330-7BD8-4205-AE64-99163A3785F5}.ReleaseWithoutAsm|Itanium.ActiveCfg = Release|x64
		{C0570330-7BD8-4205-AE64-99163A3785F5}.ReleaseWithoutAsm|Itanium.Build.0 = Release|x64
		{C0570330-7BD8-4205-AE64-99163A3785F5}.ReleaseWithoutAsm|x64.ActiveCfg = Release|x64
		{C0570330-7BD8-4205-AE64-99163A3785F5}.ReleaseWithoutAsm|x64.Build.0 = Release|x64
		{C0570330-7BD8-4205-AE64-99163A3785F5}.ReleaseWithoutAsm|x86.ActiveCfg = Release|Win32
		{C0570330-7BD8-4205-AE64-99163A3785F5}.ReleaseWithoutAsm|x86.Build.0 = Release|Win32
		{C0570330-7BD8-4205-AE64-99163A3785F5}.Trace|Itanium.ActiveCfg = Debug|x64
		{C0570330-7BD8-4205-AE64-99163A3785F5}.Trace|Itanium.Build.0 = Debug|x64
		{C0570330-7BD8-4205-AE64-99163A3785F5}.Trace|x64.ActiveCfg = Debug|x64
		{C0570330-7BD8-4205-AE64-99163A3785F5}.Trace|x64.Build.0 = Debug|x64
		{C0570330-7BD8-4205-AE64-99163A3785F5}.Trace|x86.ActiveCfg = Debug|Win32
		{C0570330-7BD8-4205-AE64-99163A3785F5}.Trace|x86.Build.0 = Debug|Win32
	EndGlobalSection
	GlobalSection(SolutionProperties) = preSolution
		HideSolutionNode = FALSE
	EndGlobalSection
	GlobalSection(NestedProjects) = preSolution
		{E50D22D4-FA0C-44D3-84FF-C00ACA971142} = {170331D2-04C9-4AA0-A8A1-13C15BE0D566}
		{DFC10279-B1D9-4E8A-B991-2DFDC1641C09} = {170331D2-04C9-4AA0-A8A1-13C15BE0D566}
		{BEC84B9E-DB0D-4F3B-AACB-7D6EF4536084} = {170331D2-04C9-4AA0-A8A1-13C15BE0D566}
		{A3421069-99F5-4AF3-A738-6E8929E8FE6E} = {170331D2-04C9-4AA0-A8A1-13C15BE0D566}
		{3631B19F-69A8-4073-9512-894A320035C4} = {170331D2-04C9-4AA0-A8A1-13C15BE0D566}
		{91106F40-A36E-4469-AAB5-F0B84C5ABB2A} = {3631B19F-69A8-4073-9512-894A320035C4}
		{D096ED0E-BBB7-4E82-97C2-62018B8E8CC2} = {3631B19F-69A8-4073-9512-894A320035C4}
		{266A3D47-5AE9-452A-8616-D43C50DE0AEF} = {3631B19F-69A8-4073-9512-894A320035C4}
		{EEC73F8A-5509-48B9-8486-5C6023FAAE2D} = {3631B19F-69A8-4073-9512-894A320035C4}
		{04893F34-6CB8-4C8F-B3B0-6D82F47FD761} = {3631B19F-69A8-4073-9512-894A320035C4}
	EndGlobalSection
	GlobalSection(ExtensibilityGlobals) = postSolution
		SolutionGuid = {27E3A245-8FBD-45BE-ABD7-29575F434823}
	EndGlobalSection
EndGlobal
